{
    "version": 3,
    "terraform_version": "0.11.3",
    "serial": 6,
    "lineage": "7f1167f6-226d-4f76-96c5-faebe24f4571",
    "modules": [
        {
            "path": [
                "root"
            ],
            "outputs": {
                "InternetGateway": {
                    "sensitive": false,
                    "type": "string",
                    "value": "igw-01b7ab19cb5258f77"
                },
                "PrivateSubnet1": {
                    "sensitive": false,
                    "type": "string",
                    "value": "subnet-0c0290fe074553252"
                },
                "PrivateSubnet2": {
                    "sensitive": false,
                    "type": "string",
                    "value": "subnet-0245cd8b10e25dca0"
                },
                "PublicSubnet1": {
                    "sensitive": false,
                    "type": "string",
                    "value": "subnet-0c14eb510edcac081"
                },
                "PublicSubnet2": {
                    "sensitive": false,
                    "type": "string",
                    "value": "subnet-09bbe508b978eb7b2"
                },
                "SecurityGroup": {
                    "sensitive": false,
                    "type": "string",
                    "value": "sg-0622d4d504f80cbf6"
                },
                "VPC-ID": {
                    "sensitive": false,
                    "type": "string",
                    "value": "vpc-0cbd03c85a5460dc0"
                }
            },
            "resources": {},
            "depends_on": []
        },
        {
            "path": [
                "root",
                "ec2"
            ],
            "outputs": {},
            "resources": {},
            "depends_on": []
        },
        {
            "path": [
                "root",
                "vpc"
            ],
            "outputs": {
                "InternetGateway": {
                    "sensitive": false,
                    "type": "string",
                    "value": "igw-01b7ab19cb5258f77"
                },
                "PrivateSubnet1": {
                    "sensitive": false,
                    "type": "string",
                    "value": "subnet-0c0290fe074553252"
                },
                "PrivateSubnet2": {
                    "sensitive": false,
                    "type": "string",
                    "value": "subnet-0245cd8b10e25dca0"
                },
                "PublicSubnet1": {
                    "sensitive": false,
                    "type": "string",
                    "value": "subnet-0c14eb510edcac081"
                },
                "PublicSubnet2": {
                    "sensitive": false,
                    "type": "string",
                    "value": "subnet-09bbe508b978eb7b2"
                },
                "VPC-ID": {
                    "sensitive": false,
                    "type": "string",
                    "value": "vpc-0cbd03c85a5460dc0"
                },
                "sg": {
                    "sensitive": false,
                    "type": "string",
                    "value": "sg-0622d4d504f80cbf6"
                }
            },
            "resources": {
                "aws_internet_gateway.igw": {
                    "type": "aws_internet_gateway",
                    "depends_on": [
                        "aws_vpc.vpc"
                    ],
                    "primary": {
                        "id": "igw-01b7ab19cb5258f77",
                        "attributes": {
                            "id": "igw-01b7ab19cb5258f77",
                            "owner_id": "963799225990",
                            "tags.%": "1",
                            "tags.Name": "InternetGateway",
                            "vpc_id": "vpc-0cbd03c85a5460dc0"
                        },
                        "meta": {},
                        "tainted": false
                    },
                    "deposed": [],
                    "provider": "provider.aws"
                },
                "aws_route_table.private_route": {
                    "type": "aws_route_table",
                    "depends_on": [
                        "aws_vpc.vpc"
                    ],
                    "primary": {
                        "id": "rtb-0971fb4db26a55253",
                        "attributes": {
                            "id": "rtb-0971fb4db26a55253",
                            "owner_id": "963799225990",
                            "propagating_vgws.#": "0",
                            "route.#": "0",
                            "tags.%": "0",
                            "vpc_id": "vpc-0cbd03c85a5460dc0"
                        },
                        "meta": {},
                        "tainted": false
                    },
                    "deposed": [],
                    "provider": "provider.aws"
                },
                "aws_route_table.public_route": {
                    "type": "aws_route_table",
                    "depends_on": [
                        "aws_internet_gateway.igw",
                        "aws_vpc.vpc"
                    ],
                    "primary": {
                        "id": "rtb-0ac5ebefb44cabfa4",
                        "attributes": {
                            "id": "rtb-0ac5ebefb44cabfa4",
                            "owner_id": "963799225990",
                            "propagating_vgws.#": "0",
                            "route.#": "1",
                            "route.1211017168.cidr_block": "0.0.0.0/0",
                            "route.1211017168.egress_only_gateway_id": "",
                            "route.1211017168.gateway_id": "igw-01b7ab19cb5258f77",
                            "route.1211017168.instance_id": "",
                            "route.1211017168.ipv6_cidr_block": "",
                            "route.1211017168.nat_gateway_id": "",
                            "route.1211017168.network_interface_id": "",
                            "route.1211017168.transit_gateway_id": "",
                            "route.1211017168.vpc_peering_connection_id": "",
                            "tags.%": "0",
                            "vpc_id": "vpc-0cbd03c85a5460dc0"
                        },
                        "meta": {},
                        "tainted": false
                    },
                    "deposed": [],
                    "provider": "provider.aws"
                },
                "aws_route_table_association.private1_asc": {
                    "type": "aws_route_table_association",
                    "depends_on": [
                        "aws_route_table.private_route",
                        "aws_subnet.private_subnet1"
                    ],
                    "primary": {
                        "id": "rtbassoc-033aabc7bb6c5984d",
                        "attributes": {
                            "id": "rtbassoc-033aabc7bb6c5984d",
                            "route_table_id": "rtb-0971fb4db26a55253",
                            "subnet_id": "subnet-0c0290fe074553252"
                        },
                        "meta": {},
                        "tainted": false
                    },
                    "deposed": [],
                    "provider": "provider.aws"
                },
                "aws_route_table_association.private2_asc": {
                    "type": "aws_route_table_association",
                    "depends_on": [
                        "aws_route_table.private_route",
                        "aws_subnet.private_subnet2"
                    ],
                    "primary": {
                        "id": "rtbassoc-088c544d617c0e486",
                        "attributes": {
                            "id": "rtbassoc-088c544d617c0e486",
                            "route_table_id": "rtb-0971fb4db26a55253",
                            "subnet_id": "subnet-0245cd8b10e25dca0"
                        },
                        "meta": {},
                        "tainted": false
                    },
                    "deposed": [],
                    "provider": "provider.aws"
                },
                "aws_route_table_association.public1_asc": {
                    "type": "aws_route_table_association",
                    "depends_on": [
                        "aws_route_table.public_route",
                        "aws_subnet.public_subnet1"
                    ],
                    "primary": {
                        "id": "rtbassoc-06ccb27def2c05547",
                        "attributes": {
                            "id": "rtbassoc-06ccb27def2c05547",
                            "route_table_id": "rtb-0ac5ebefb44cabfa4",
                            "subnet_id": "subnet-0c14eb510edcac081"
                        },
                        "meta": {},
                        "tainted": false
                    },
                    "deposed": [],
                    "provider": "provider.aws"
                },
                "aws_route_table_association.public2_asc": {
                    "type": "aws_route_table_association",
                    "depends_on": [
                        "aws_route_table.public_route",
                        "aws_subnet.public_subnet2"
                    ],
                    "primary": {
                        "id": "rtbassoc-0c1b777addca4eefe",
                        "attributes": {
                            "id": "rtbassoc-0c1b777addca4eefe",
                            "route_table_id": "rtb-0ac5ebefb44cabfa4",
                            "subnet_id": "subnet-09bbe508b978eb7b2"
                        },
                        "meta": {},
                        "tainted": false
                    },
                    "deposed": [],
                    "provider": "provider.aws"
                },
                "aws_security_group.sg": {
                    "type": "aws_security_group",
                    "depends_on": [
                        "aws_vpc.vpc"
                    ],
                    "primary": {
                        "id": "sg-0622d4d504f80cbf6",
                        "attributes": {
                            "arn": "arn:aws:ec2:us-east-1:963799225990:security-group/sg-0622d4d504f80cbf6",
                            "description": "Allow ssh inbound traffic",
                            "egress.#": "0",
                            "id": "sg-0622d4d504f80cbf6",
                            "ingress.#": "0",
                            "name": "allow_ssh",
                            "owner_id": "963799225990",
                            "revoke_rules_on_delete": "false",
                            "tags.%": "0",
                            "vpc_id": "vpc-0cbd03c85a5460dc0"
                        },
                        "meta": {
                            "e2bfb730-ecaa-11e6-8f88-34363bc7c4c0": {
                                "create": 600000000000,
                                "delete": 600000000000
                            },
                            "schema_version": "1"
                        },
                        "tainted": false
                    },
                    "deposed": [],
                    "provider": "provider.aws"
                },
                "aws_subnet.private_subnet1": {
                    "type": "aws_subnet",
                    "depends_on": [
                        "aws_vpc.vpc"
                    ],
                    "primary": {
                        "id": "subnet-0c0290fe074553252",
                        "attributes": {
                            "arn": "arn:aws:ec2:us-east-1:963799225990:subnet/subnet-0c0290fe074553252",
                            "assign_ipv6_address_on_creation": "false",
                            "availability_zone": "us-east-1c",
                            "availability_zone_id": "use1-az2",
                            "cidr_block": "12.0.3.0/24",
                            "id": "subnet-0c0290fe074553252",
                            "ipv6_cidr_block": "",
                            "ipv6_cidr_block_association_id": "",
                            "map_public_ip_on_launch": "false",
                            "owner_id": "963799225990",
                            "tags.%": "1",
                            "tags.Name": "PrivateSubnet1",
                            "vpc_id": "vpc-0cbd03c85a5460dc0"
                        },
                        "meta": {
                            "e2bfb730-ecaa-11e6-8f88-34363bc7c4c0": {
                                "create": 600000000000,
                                "delete": 1200000000000
                            },
                            "schema_version": "1"
                        },
                        "tainted": false
                    },
                    "deposed": [],
                    "provider": "provider.aws"
                },
                "aws_subnet.private_subnet2": {
                    "type": "aws_subnet",
                    "depends_on": [
                        "aws_vpc.vpc"
                    ],
                    "primary": {
                        "id": "subnet-0245cd8b10e25dca0",
                        "attributes": {
                            "arn": "arn:aws:ec2:us-east-1:963799225990:subnet/subnet-0245cd8b10e25dca0",
                            "assign_ipv6_address_on_creation": "false",
                            "availability_zone": "us-east-1d",
                            "availability_zone_id": "use1-az4",
                            "cidr_block": "12.0.4.0/24",
                            "id": "subnet-0245cd8b10e25dca0",
                            "ipv6_cidr_block": "",
                            "ipv6_cidr_block_association_id": "",
                            "map_public_ip_on_launch": "false",
                            "owner_id": "963799225990",
                            "tags.%": "1",
                            "tags.Name": "PrivateSubnet1",
                            "vpc_id": "vpc-0cbd03c85a5460dc0"
                        },
                        "meta": {
                            "e2bfb730-ecaa-11e6-8f88-34363bc7c4c0": {
                                "create": 600000000000,
                                "delete": 1200000000000
                            },
                            "schema_version": "1"
                        },
                        "tainted": false
                    },
                    "deposed": [],
                    "provider": "provider.aws"
                },
                "aws_subnet.public_subnet1": {
                    "type": "aws_subnet",
                    "depends_on": [
                        "aws_vpc.vpc"
                    ],
                    "primary": {
                        "id": "subnet-0c14eb510edcac081",
                        "attributes": {
                            "arn": "arn:aws:ec2:us-east-1:963799225990:subnet/subnet-0c14eb510edcac081",
                            "assign_ipv6_address_on_creation": "false",
                            "availability_zone": "us-east-1a",
                            "availability_zone_id": "use1-az6",
                            "cidr_block": "12.0.1.0/24",
                            "id": "subnet-0c14eb510edcac081",
                            "ipv6_cidr_block": "",
                            "ipv6_cidr_block_association_id": "",
                            "map_public_ip_on_launch": "true",
                            "owner_id": "963799225990",
                            "tags.%": "1",
                            "tags.Name": "PublicSubnet1",
                            "vpc_id": "vpc-0cbd03c85a5460dc0"
                        },
                        "meta": {
                            "e2bfb730-ecaa-11e6-8f88-34363bc7c4c0": {
                                "create": 600000000000,
                                "delete": 1200000000000
                            },
                            "schema_version": "1"
                        },
                        "tainted": false
                    },
                    "deposed": [],
                    "provider": "provider.aws"
                },
                "aws_subnet.public_subnet2": {
                    "type": "aws_subnet",
                    "depends_on": [
                        "aws_vpc.vpc"
                    ],
                    "primary": {
                        "id": "subnet-09bbe508b978eb7b2",
                        "attributes": {
                            "arn": "arn:aws:ec2:us-east-1:963799225990:subnet/subnet-09bbe508b978eb7b2",
                            "assign_ipv6_address_on_creation": "false",
                            "availability_zone": "us-east-1b",
                            "availability_zone_id": "use1-az1",
                            "cidr_block": "12.0.2.0/24",
                            "id": "subnet-09bbe508b978eb7b2",
                            "ipv6_cidr_block": "",
                            "ipv6_cidr_block_association_id": "",
                            "map_public_ip_on_launch": "true",
                            "owner_id": "963799225990",
                            "tags.%": "1",
                            "tags.Name": "PublicSubnet2",
                            "vpc_id": "vpc-0cbd03c85a5460dc0"
                        },
                        "meta": {
                            "e2bfb730-ecaa-11e6-8f88-34363bc7c4c0": {
                                "create": 600000000000,
                                "delete": 1200000000000
                            },
                            "schema_version": "1"
                        },
                        "tainted": false
                    },
                    "deposed": [],
                    "provider": "provider.aws"
                },
                "aws_vpc.vpc": {
                    "type": "aws_vpc",
                    "depends_on": [],
                    "primary": {
                        "id": "vpc-0cbd03c85a5460dc0",
                        "attributes": {
                            "arn": "arn:aws:ec2:us-east-1:963799225990:vpc/vpc-0cbd03c85a5460dc0",
                            "assign_generated_ipv6_cidr_block": "false",
                            "cidr_block": "12.0.0.0/16",
                            "default_network_acl_id": "acl-0793e2dbf3b76dda7",
                            "default_route_table_id": "rtb-0ed758623f9061963",
                            "default_security_group_id": "sg-070fb32b9dbb7544d",
                            "dhcp_options_id": "dopt-caa450b0",
                            "enable_classiclink": "false",
                            "enable_classiclink_dns_support": "false",
                            "enable_dns_hostnames": "true",
                            "enable_dns_support": "true",
                            "id": "vpc-0cbd03c85a5460dc0",
                            "instance_tenancy": "default",
                            "ipv6_association_id": "",
                            "ipv6_cidr_block": "",
                            "main_route_table_id": "rtb-0ed758623f9061963",
                            "owner_id": "963799225990",
                            "tags.%": "1",
                            "tags.Name": "Devlopment-Vpc"
                        },
                        "meta": {
                            "schema_version": "1"
                        },
                        "tainted": false
                    },
                    "deposed": [],
                    "provider": "provider.aws"
                }
            },
            "depends_on": []
        }
    ]
}
