{
    "version": 3,
    "terraform_version": "0.11.3",
    "serial": 3,
    "lineage": "ce192220-3905-441a-b97d-06a39f27abc6",
    "modules": [
        {
            "path": [
                "root"
            ],
            "outputs": {
                "InternetGateway": {
                    "sensitive": false,
                    "type": "string",
                    "value": "igw-003855614507cf068"
                },
                "PrivateSubnet1": {
                    "sensitive": false,
                    "type": "string",
                    "value": "subnet-0fcb2b194a958beec"
                },
                "PrivateSubnet2": {
                    "sensitive": false,
                    "type": "string",
                    "value": "subnet-012c6b9b5af5a4d6f"
                },
                "PublicSubnet1": {
                    "sensitive": false,
                    "type": "string",
                    "value": "subnet-0b2f1a0dc1e9e312b"
                },
                "PublicSubnet2": {
                    "sensitive": false,
                    "type": "string",
                    "value": "subnet-07eef0de68ab12220"
                },
                "VPC-ID": {
                    "sensitive": false,
                    "type": "string",
                    "value": "vpc-035eef99a6dc2a47d"
                }
            },
            "resources": {
                "aws_internet_gateway.igw": {
                    "type": "aws_internet_gateway",
                    "depends_on": [
                        "aws_vpc.vpc"
                    ],
                    "primary": {
                        "id": "igw-003855614507cf068",
                        "attributes": {
                            "id": "igw-003855614507cf068",
                            "owner_id": "963799225990",
                            "tags.%": "1",
                            "tags.Name": "InternetGateway",
                            "vpc_id": "vpc-035eef99a6dc2a47d"
                        },
                        "meta": {},
                        "tainted": false
                    },
                    "deposed": [],
                    "provider": "provider.aws"
                },
                "aws_route_table.private_route": {
                    "type": "aws_route_table",
                    "depends_on": [
                        "aws_vpc.vpc"
                    ],
                    "primary": {
                        "id": "rtb-01d181a029128e3d7",
                        "attributes": {
                            "id": "rtb-01d181a029128e3d7",
                            "owner_id": "963799225990",
                            "propagating_vgws.#": "0",
                            "route.#": "0",
                            "tags.%": "0",
                            "vpc_id": "vpc-035eef99a6dc2a47d"
                        },
                        "meta": {},
                        "tainted": false
                    },
                    "deposed": [],
                    "provider": "provider.aws"
                },
                "aws_route_table.public_route": {
                    "type": "aws_route_table",
                    "depends_on": [
                        "aws_internet_gateway.igw",
                        "aws_vpc.vpc"
                    ],
                    "primary": {
                        "id": "rtb-09da8644ea380f7cd",
                        "attributes": {
                            "id": "rtb-09da8644ea380f7cd",
                            "owner_id": "963799225990",
                            "propagating_vgws.#": "0",
                            "route.#": "1",
                            "route.1496041980.cidr_block": "0.0.0.0/0",
                            "route.1496041980.egress_only_gateway_id": "",
                            "route.1496041980.gateway_id": "igw-003855614507cf068",
                            "route.1496041980.instance_id": "",
                            "route.1496041980.ipv6_cidr_block": "",
                            "route.1496041980.nat_gateway_id": "",
                            "route.1496041980.network_interface_id": "",
                            "route.1496041980.transit_gateway_id": "",
                            "route.1496041980.vpc_peering_connection_id": "",
                            "tags.%": "0",
                            "vpc_id": "vpc-035eef99a6dc2a47d"
                        },
                        "meta": {},
                        "tainted": false
                    },
                    "deposed": [],
                    "provider": "provider.aws"
                },
                "aws_route_table_association.private1_asc": {
                    "type": "aws_route_table_association",
                    "depends_on": [
                        "aws_route_table.private_route",
                        "aws_subnet.private_subnet1"
                    ],
                    "primary": {
                        "id": "rtbassoc-05d6cfeb41f42c4c8",
                        "attributes": {
                            "id": "rtbassoc-05d6cfeb41f42c4c8",
                            "route_table_id": "rtb-01d181a029128e3d7",
                            "subnet_id": "subnet-0fcb2b194a958beec"
                        },
                        "meta": {},
                        "tainted": false
                    },
                    "deposed": [],
                    "provider": "provider.aws"
                },
                "aws_route_table_association.private2_asc": {
                    "type": "aws_route_table_association",
                    "depends_on": [
                        "aws_route_table.private_route",
                        "aws_subnet.private_subnet2"
                    ],
                    "primary": {
                        "id": "rtbassoc-0186f7c9474d9a995",
                        "attributes": {
                            "id": "rtbassoc-0186f7c9474d9a995",
                            "route_table_id": "rtb-01d181a029128e3d7",
                            "subnet_id": "subnet-012c6b9b5af5a4d6f"
                        },
                        "meta": {},
                        "tainted": false
                    },
                    "deposed": [],
                    "provider": "provider.aws"
                },
                "aws_route_table_association.public1_asc": {
                    "type": "aws_route_table_association",
                    "depends_on": [
                        "aws_route_table.public_route",
                        "aws_subnet.public_subnet1"
                    ],
                    "primary": {
                        "id": "rtbassoc-07378dd04b8e704c3",
                        "attributes": {
                            "id": "rtbassoc-07378dd04b8e704c3",
                            "route_table_id": "rtb-09da8644ea380f7cd",
                            "subnet_id": "subnet-0b2f1a0dc1e9e312b"
                        },
                        "meta": {},
                        "tainted": false
                    },
                    "deposed": [],
                    "provider": "provider.aws"
                },
                "aws_route_table_association.public2_asc": {
                    "type": "aws_route_table_association",
                    "depends_on": [
                        "aws_route_table.public_route",
                        "aws_subnet.public_subnet2"
                    ],
                    "primary": {
                        "id": "rtbassoc-0dd8181dcd902a6b9",
                        "attributes": {
                            "id": "rtbassoc-0dd8181dcd902a6b9",
                            "route_table_id": "rtb-09da8644ea380f7cd",
                            "subnet_id": "subnet-07eef0de68ab12220"
                        },
                        "meta": {},
                        "tainted": false
                    },
                    "deposed": [],
                    "provider": "provider.aws"
                },
                "aws_subnet.private_subnet1": {
                    "type": "aws_subnet",
                    "depends_on": [
                        "aws_vpc.vpc"
                    ],
                    "primary": {
                        "id": "subnet-0fcb2b194a958beec",
                        "attributes": {
                            "arn": "arn:aws:ec2:us-east-1:963799225990:subnet/subnet-0fcb2b194a958beec",
                            "assign_ipv6_address_on_creation": "false",
                            "availability_zone": "us-east-1c",
                            "availability_zone_id": "use1-az2",
                            "cidr_block": "12.0.3.0/24",
                            "id": "subnet-0fcb2b194a958beec",
                            "ipv6_cidr_block": "",
                            "ipv6_cidr_block_association_id": "",
                            "map_public_ip_on_launch": "false",
                            "owner_id": "963799225990",
                            "tags.%": "1",
                            "tags.Name": "PrivateSubnet1",
                            "vpc_id": "vpc-035eef99a6dc2a47d"
                        },
                        "meta": {
                            "e2bfb730-ecaa-11e6-8f88-34363bc7c4c0": {
                                "create": 600000000000,
                                "delete": 1200000000000
                            },
                            "schema_version": "1"
                        },
                        "tainted": false
                    },
                    "deposed": [],
                    "provider": "provider.aws"
                },
                "aws_subnet.private_subnet2": {
                    "type": "aws_subnet",
                    "depends_on": [
                        "aws_vpc.vpc"
                    ],
                    "primary": {
                        "id": "subnet-012c6b9b5af5a4d6f",
                        "attributes": {
                            "arn": "arn:aws:ec2:us-east-1:963799225990:subnet/subnet-012c6b9b5af5a4d6f",
                            "assign_ipv6_address_on_creation": "false",
                            "availability_zone": "us-east-1d",
                            "availability_zone_id": "use1-az4",
                            "cidr_block": "12.0.4.0/24",
                            "id": "subnet-012c6b9b5af5a4d6f",
                            "ipv6_cidr_block": "",
                            "ipv6_cidr_block_association_id": "",
                            "map_public_ip_on_launch": "false",
                            "owner_id": "963799225990",
                            "tags.%": "1",
                            "tags.Name": "PrivateSubnet1",
                            "vpc_id": "vpc-035eef99a6dc2a47d"
                        },
                        "meta": {
                            "e2bfb730-ecaa-11e6-8f88-34363bc7c4c0": {
                                "create": 600000000000,
                                "delete": 1200000000000
                            },
                            "schema_version": "1"
                        },
                        "tainted": false
                    },
                    "deposed": [],
                    "provider": "provider.aws"
                },
                "aws_subnet.public_subnet1": {
                    "type": "aws_subnet",
                    "depends_on": [
                        "aws_vpc.vpc"
                    ],
                    "primary": {
                        "id": "subnet-0b2f1a0dc1e9e312b",
                        "attributes": {
                            "arn": "arn:aws:ec2:us-east-1:963799225990:subnet/subnet-0b2f1a0dc1e9e312b",
                            "assign_ipv6_address_on_creation": "false",
                            "availability_zone": "us-east-1a",
                            "availability_zone_id": "use1-az6",
                            "cidr_block": "12.0.1.0/24",
                            "id": "subnet-0b2f1a0dc1e9e312b",
                            "ipv6_cidr_block": "",
                            "ipv6_cidr_block_association_id": "",
                            "map_public_ip_on_launch": "true",
                            "owner_id": "963799225990",
                            "tags.%": "1",
                            "tags.Name": "PublicSubnet1",
                            "vpc_id": "vpc-035eef99a6dc2a47d"
                        },
                        "meta": {
                            "e2bfb730-ecaa-11e6-8f88-34363bc7c4c0": {
                                "create": 600000000000,
                                "delete": 1200000000000
                            },
                            "schema_version": "1"
                        },
                        "tainted": false
                    },
                    "deposed": [],
                    "provider": "provider.aws"
                },
                "aws_subnet.public_subnet2": {
                    "type": "aws_subnet",
                    "depends_on": [
                        "aws_vpc.vpc"
                    ],
                    "primary": {
                        "id": "subnet-07eef0de68ab12220",
                        "attributes": {
                            "arn": "arn:aws:ec2:us-east-1:963799225990:subnet/subnet-07eef0de68ab12220",
                            "assign_ipv6_address_on_creation": "false",
                            "availability_zone": "us-east-1b",
                            "availability_zone_id": "use1-az1",
                            "cidr_block": "12.0.2.0/24",
                            "id": "subnet-07eef0de68ab12220",
                            "ipv6_cidr_block": "",
                            "ipv6_cidr_block_association_id": "",
                            "map_public_ip_on_launch": "true",
                            "owner_id": "963799225990",
                            "tags.%": "1",
                            "tags.Name": "PublicSubnet2",
                            "vpc_id": "vpc-035eef99a6dc2a47d"
                        },
                        "meta": {
                            "e2bfb730-ecaa-11e6-8f88-34363bc7c4c0": {
                                "create": 600000000000,
                                "delete": 1200000000000
                            },
                            "schema_version": "1"
                        },
                        "tainted": false
                    },
                    "deposed": [],
                    "provider": "provider.aws"
                },
                "aws_vpc.vpc": {
                    "type": "aws_vpc",
                    "depends_on": [],
                    "primary": {
                        "id": "vpc-035eef99a6dc2a47d",
                        "attributes": {
                            "arn": "arn:aws:ec2:us-east-1:963799225990:vpc/vpc-035eef99a6dc2a47d",
                            "assign_generated_ipv6_cidr_block": "false",
                            "cidr_block": "12.0.0.0/16",
                            "default_network_acl_id": "acl-06347d224b7fc744d",
                            "default_route_table_id": "rtb-06554431989a160e7",
                            "default_security_group_id": "sg-06826bfc1aca218c7",
                            "dhcp_options_id": "dopt-caa450b0",
                            "enable_classiclink": "false",
                            "enable_classiclink_dns_support": "false",
                            "enable_dns_hostnames": "true",
                            "enable_dns_support": "true",
                            "id": "vpc-035eef99a6dc2a47d",
                            "instance_tenancy": "default",
                            "ipv6_association_id": "",
                            "ipv6_cidr_block": "",
                            "main_route_table_id": "rtb-06554431989a160e7",
                            "owner_id": "963799225990",
                            "tags.%": "1",
                            "tags.Name": "Devlopment-Vpc"
                        },
                        "meta": {
                            "schema_version": "1"
                        },
                        "tainted": false
                    },
                    "deposed": [],
                    "provider": "provider.aws"
                }
            },
            "depends_on": []
        }
    ]
}
